
Microsoft Visual Studio Solution File, Format Version 12.00
# Visual Studio Version 16
VisualStudioVersion = 16.0.31424.327
MinimumVisualStudioVersion = 10.0.40219.1
Project("{FAE04EC0-301F-11D3-BF4B-00C04F79EFBC}") = "Calculator", "Calculator\Calculator.csproj", "{7A9B594F-5A86-4F4B-AE13-18B31CC2E0EC}"
EndProject
Global
	GlobalSection(SolutionConfigurationPlatforms) = preSolution
		Debug|Any CPU = Debug|Any CPU
		Release|Any CPU = Release|Any CPU
	EndGlobalSection
	GlobalSection(ProjectConfigurationPlatforms) = postSolution
		{7A9B594F-5A86-4F4B-AE13-18B31CC2E0EC}.Debug|Any CPU.ActiveCfg = Debug|Any CPU
		{7A9B594F-5A86-4F4B-AE13-18B31CC2E0EC}.Debug|Any CPU.Build.0 = Debug|Any CPU
		{7A9B594F-5A86-4F4B-AE13-18B31CC2E0EC}.Release|Any CPU.ActiveCfg = Release|Any CPU
		{7A9B594F-5A86-4F4B-AE13-18B31CC2E0EC}.Release|Any CPU.Build.0 = Release|Any CPU
	EndGlobalSection
	GlobalSection(SolutionProperties) = preSolution
		HideSolutionNode = FALSE
	EndGlobalSection
	GlobalSection(ExtensibilityGlobals) = postSolution
		SolutionGuid = {F912E9E7-FCA9-42CE-871E-CDC16782A8D5}
	EndGlobalSection
EndGlobal
